
Microsoft Visual Studio Solution File, Format Version 12.00
# Visual Studio 15
VisualStudioVersion = 15.0.27428.2015
MinimumVisualStudioVersion = 10.0.40219.1
Project("{FAE04EC0-301F-11D3-BF4B-00C04F79EFBC}") = "MVC", "MVC\MVC.csproj", "{464A16B1-1E1B-47EB-B2B9-9E9397C1B721}"
EndProject
Project("{FAE04EC0-301F-11D3-BF4B-00C04F79EFBC}") = "BLL", "BLL\BLL.csproj", "{B5F4D57A-9BF6-4A52-95F4-6EC40239BD75}"
EndProject
Project("{2150E333-8FDC-42A3-9474-1A3956D46DE8}") = "Tests", "Tests", "{1471AE50-FB5B-4172-81BB-25317DE19F65}"
EndProject
Project("{2150E333-8FDC-42A3-9474-1A3956D46DE8}") = "Persistence", "Persistence", "{E72C806C-3F0B-4FCD-9EBB-8176A9B5D08C}"
EndProject
Project("{2150E333-8FDC-42A3-9474-1A3956D46DE8}") = "Common", "Common", "{517DDA8B-76CA-4548-8C13-ACA309D844AF}"
EndProject
Project("{FAE04EC0-301F-11D3-BF4B-00C04F79EFBC}") = "Entities", "Entities\Entities.csproj", "{FAC09541-DFA7-43BC-BE23-C653F5713E58}"
EndProject
Project("{2150E333-8FDC-42A3-9474-1A3956D46DE8}") = "Presentation", "Presentation", "{A71E57F2-1A06-46F6-B650-A6B54867C85B}"
EndProject
Project("{2150E333-8FDC-42A3-9474-1A3956D46DE8}") = "Business", "Business", "{C8D30A53-E0C6-49FB-8FE8-7CF99BE56AC6}"
EndProject
Project("{2150E333-8FDC-42A3-9474-1A3956D46DE8}") = "APIs", "APIs", "{16F5CDBB-E37B-4938-9E5E-BE5CF94992B6}"
EndProject
Project("{FAE04EC0-301F-11D3-BF4B-00C04F79EFBC}") = "Interfaces", "Interfaces\Interfaces.csproj", "{1F3C6811-5351-41A6-B016-EC59369E0978}"
EndProject
Project("{FAE04EC0-301F-11D3-BF4B-00C04F79EFBC}") = "EF", "EF\EF.csproj", "{71E9C34F-2BC2-4F40-98AD-E4B7CA452C83}"
EndProject
Project("{FAE04EC0-301F-11D3-BF4B-00C04F79EFBC}") = "Utilities", "Utilities\Utilities.csproj", "{42363709-FDE3-49D9-A14F-DA4CFD5E26AB}"
EndProject
Project("{FAE04EC0-301F-11D3-BF4B-00C04F79EFBC}") = "Common.Utilities.Tests", "Common.Utilities.Tests\Common.Utilities.Tests.csproj", "{BF3E9213-C684-42CD-A861-772121DF6DDD}"
EndProject
Project("{FAE04EC0-301F-11D3-BF4B-00C04F79EFBC}") = "Business.BLL.Tests", "Business.BLL.Tests\Business.BLL.Tests.csproj", "{34D99E25-D0E2-4491-B2E8-A148EB00A1A8}"
EndProject
Project("{FAE04EC0-301F-11D3-BF4B-00C04F79EFBC}") = "EmployeesAPI", "EmployeesAPI\EmployeesAPI.csproj", "{8F79216F-57F4-4505-989B-4669852DAFB2}"
EndProject
Global
	GlobalSection(SolutionConfigurationPlatforms) = preSolution
		Debug|Any CPU = Debug|Any CPU
		Release|Any CPU = Release|Any CPU
	EndGlobalSection
	GlobalSection(ProjectConfigurationPlatforms) = postSolution
		{464A16B1-1E1B-47EB-B2B9-9E9397C1B721}.Debug|Any CPU.ActiveCfg = Debug|Any CPU
		{464A16B1-1E1B-47EB-B2B9-9E9397C1B721}.Debug|Any CPU.Build.0 = Debug|Any CPU
		{464A16B1-1E1B-47EB-B2B9-9E9397C1B721}.Release|Any CPU.ActiveCfg = Release|Any CPU
		{464A16B1-1E1B-47EB-B2B9-9E9397C1B721}.Release|Any CPU.Build.0 = Release|Any CPU
		{B5F4D57A-9BF6-4A52-95F4-6EC40239BD75}.Debug|Any CPU.ActiveCfg = Debug|Any CPU
		{B5F4D57A-9BF6-4A52-95F4-6EC40239BD75}.Debug|Any CPU.Build.0 = Debug|Any CPU
		{B5F4D57A-9BF6-4A52-95F4-6EC40239BD75}.Release|Any CPU.ActiveCfg = Release|Any CPU
		{B5F4D57A-9BF6-4A52-95F4-6EC40239BD75}.Release|Any CPU.Build.0 = Release|Any CPU
		{FAC09541-DFA7-43BC-BE23-C653F5713E58}.Debug|Any CPU.ActiveCfg = Debug|Any CPU
		{FAC09541-DFA7-43BC-BE23-C653F5713E58}.Debug|Any CPU.Build.0 = Debug|Any CPU
		{FAC09541-DFA7-43BC-BE23-C653F5713E58}.Release|Any CPU.ActiveCfg = Release|Any CPU
		{FAC09541-DFA7-43BC-BE23-C653F5713E58}.Release|Any CPU.Build.0 = Release|Any CPU
		{1F3C6811-5351-41A6-B016-EC59369E0978}.Debug|Any CPU.ActiveCfg = Debug|Any CPU
		{1F3C6811-5351-41A6-B016-EC59369E0978}.Debug|Any CPU.Build.0 = Debug|Any CPU
		{1F3C6811-5351-41A6-B016-EC59369E0978}.Release|Any CPU.ActiveCfg = Release|Any CPU
		{1F3C6811-5351-41A6-B016-EC59369E0978}.Release|Any CPU.Build.0 = Release|Any CPU
		{71E9C34F-2BC2-4F40-98AD-E4B7CA452C83}.Debug|Any CPU.ActiveCfg = Debug|Any CPU
		{71E9C34F-2BC2-4F40-98AD-E4B7CA452C83}.Debug|Any CPU.Build.0 = Debug|Any CPU
		{71E9C34F-2BC2-4F40-98AD-E4B7CA452C83}.Release|Any CPU.ActiveCfg = Release|Any CPU
		{71E9C34F-2BC2-4F40-98AD-E4B7CA452C83}.Release|Any CPU.Build.0 = Release|Any CPU
		{42363709-FDE3-49D9-A14F-DA4CFD5E26AB}.Debug|Any CPU.ActiveCfg = Debug|Any CPU
		{42363709-FDE3-49D9-A14F-DA4CFD5E26AB}.Debug|Any CPU.Build.0 = Debug|Any CPU
		{42363709-FDE3-49D9-A14F-DA4CFD5E26AB}.Release|Any CPU.ActiveCfg = Release|Any CPU
		{42363709-FDE3-49D9-A14F-DA4CFD5E26AB}.Release|Any CPU.Build.0 = Release|Any CPU
		{BF3E9213-C684-42CD-A861-772121DF6DDD}.Debug|Any CPU.ActiveCfg = Debug|Any CPU
		{BF3E9213-C684-42CD-A861-772121DF6DDD}.Debug|Any CPU.Build.0 = Debug|Any CPU
		{BF3E9213-C684-42CD-A861-772121DF6DDD}.Release|Any CPU.ActiveCfg = Release|Any CPU
		{BF3E9213-C684-42CD-A861-772121DF6DDD}.Release|Any CPU.Build.0 = Release|Any CPU
		{34D99E25-D0E2-4491-B2E8-A148EB00A1A8}.Debug|Any CPU.ActiveCfg = Debug|Any CPU
		{34D99E25-D0E2-4491-B2E8-A148EB00A1A8}.Debug|Any CPU.Build.0 = Debug|Any CPU
		{34D99E25-D0E2-4491-B2E8-A148EB00A1A8}.Release|Any CPU.ActiveCfg = Release|Any CPU
		{34D99E25-D0E2-4491-B2E8-A148EB00A1A8}.Release|Any CPU.Build.0 = Release|Any CPU
		{8F79216F-57F4-4505-989B-4669852DAFB2}.Debug|Any CPU.ActiveCfg = Debug|Any CPU
		{8F79216F-57F4-4505-989B-4669852DAFB2}.Debug|Any CPU.Build.0 = Debug|Any CPU
		{8F79216F-57F4-4505-989B-4669852DAFB2}.Release|Any CPU.ActiveCfg = Release|Any CPU
		{8F79216F-57F4-4505-989B-4669852DAFB2}.Release|Any CPU.Build.0 = Release|Any CPU
	EndGlobalSection
	GlobalSection(SolutionProperties) = preSolution
		HideSolutionNode = FALSE
	EndGlobalSection
	GlobalSection(NestedProjects) = preSolution
		{464A16B1-1E1B-47EB-B2B9-9E9397C1B721} = {A71E57F2-1A06-46F6-B650-A6B54867C85B}
		{B5F4D57A-9BF6-4A52-95F4-6EC40239BD75} = {C8D30A53-E0C6-49FB-8FE8-7CF99BE56AC6}
		{FAC09541-DFA7-43BC-BE23-C653F5713E58} = {517DDA8B-76CA-4548-8C13-ACA309D844AF}
		{1F3C6811-5351-41A6-B016-EC59369E0978} = {E72C806C-3F0B-4FCD-9EBB-8176A9B5D08C}
		{71E9C34F-2BC2-4F40-98AD-E4B7CA452C83} = {E72C806C-3F0B-4FCD-9EBB-8176A9B5D08C}
		{42363709-FDE3-49D9-A14F-DA4CFD5E26AB} = {517DDA8B-76CA-4548-8C13-ACA309D844AF}
		{BF3E9213-C684-42CD-A861-772121DF6DDD} = {1471AE50-FB5B-4172-81BB-25317DE19F65}
		{34D99E25-D0E2-4491-B2E8-A148EB00A1A8} = {1471AE50-FB5B-4172-81BB-25317DE19F65}
		{8F79216F-57F4-4505-989B-4669852DAFB2} = {16F5CDBB-E37B-4938-9E5E-BE5CF94992B6}
	EndGlobalSection
	GlobalSection(ExtensibilityGlobals) = postSolution
		SolutionGuid = {F58A3D22-4713-4C87-ADB6-BCBECF7171EB}
	EndGlobalSection
EndGlobal
